
Microsoft Visual Studio Solution File, Format Version 12.00
# Visual Studio Version 16
VisualStudioVersion = 16.0.30523.141
MinimumVisualStudioVersion = 10.0.40219.1
Project("{9A19103F-16F7-4668-BE54-9A1E7A4F7556}") = "swe-http-webservice", "swe-http-webservice\swe-http-webservice.csproj", "{1C90F29B-6E7A-427B-BD4D-542CCAA2018A}"
EndProject
Project("{FAE04EC0-301F-11D3-BF4B-00C04F79EFBC}") = "HTTPServerLib", "HTTPServerLib\HTTPServerLib.csproj", "{31BDE1CF-8B17-4951-A430-C4CD01BE9E6C}"
EndProject
Global
	GlobalSection(SolutionConfigurationPlatforms) = preSolution
		Debug|Any CPU = Debug|Any CPU
		Release|Any CPU = Release|Any CPU
	EndGlobalSection
	GlobalSection(ProjectConfigurationPlatforms) = postSolution
		{1C90F29B-6E7A-427B-BD4D-542CCAA2018A}.Debug|Any CPU.ActiveCfg = Debug|Any CPU
		{1C90F29B-6E7A-427B-BD4D-542CCAA2018A}.Debug|Any CPU.Build.0 = Debug|Any CPU
		{1C90F29B-6E7A-427B-BD4D-542CCAA2018A}.Release|Any CPU.ActiveCfg = Release|Any CPU
		{1C90F29B-6E7A-427B-BD4D-542CCAA2018A}.Release|Any CPU.Build.0 = Release|Any CPU
		{31BDE1CF-8B17-4951-A430-C4CD01BE9E6C}.Debug|Any CPU.ActiveCfg = Debug|Any CPU
		{31BDE1CF-8B17-4951-A430-C4CD01BE9E6C}.Debug|Any CPU.Build.0 = Debug|Any CPU
		{31BDE1CF-8B17-4951-A430-C4CD01BE9E6C}.Release|Any CPU.ActiveCfg = Release|Any CPU
		{31BDE1CF-8B17-4951-A430-C4CD01BE9E6C}.Release|Any CPU.Build.0 = Release|Any CPU
	EndGlobalSection
	GlobalSection(SolutionProperties) = preSolution
		HideSolutionNode = FALSE
	EndGlobalSection
	GlobalSection(ExtensibilityGlobals) = postSolution
		SolutionGuid = {570392F2-7879-4053-B89D-BB685E283B1F}
	EndGlobalSection
EndGlobal
